
Microsoft Visual Studio Solution File, Format Version 12.00
# Visual Studio Version 17
VisualStudioVersion = 17.13.35931.197 d17.13
MinimumVisualStudioVersion = 10.0.40219.1
Project("{FAE04EC0-301F-11D3-BF4B-00C04F79EFBC}") = "Lab1Nvt", "Lab1Nvt\Lab1Nvt.csproj", "{81263B3B-742B-4350-8899-5D73B660BF36}"
EndProject
Global
	GlobalSection(SolutionConfigurationPlatforms) = preSolution
		Debug|Any CPU = Debug|Any CPU
		Release|Any CPU = Release|Any CPU
	EndGlobalSection
	GlobalSection(ProjectConfigurationPlatforms) = postSolution
		{81263B3B-742B-4350-8899-5D73B660BF36}.Debug|Any CPU.ActiveCfg = Debug|Any CPU
		{81263B3B-742B-4350-8899-5D73B660BF36}.Debug|Any CPU.Build.0 = Debug|Any CPU
		{81263B3B-742B-4350-8899-5D73B660BF36}.Release|Any CPU.ActiveCfg = Release|Any CPU
		{81263B3B-742B-4350-8899-5D73B660BF36}.Release|Any CPU.Build.0 = Release|Any CPU
	EndGlobalSection
	GlobalSection(SolutionProperties) = preSolution
		HideSolutionNode = FALSE
	EndGlobalSection
	GlobalSection(ExtensibilityGlobals) = postSolution
		SolutionGuid = {825EDD7E-EB2E-420C-82D8-8B0D21527EB6}
	EndGlobalSection
EndGlobal
